
Microsoft Visual Studio Solution File, Format Version 12.00
# Visual Studio Version 17
VisualStudioVersion = 17.12.35506.116 d17.12
MinimumVisualStudioVersion = 10.0.40219.1
Project("{FAE04EC0-301F-11D3-BF4B-00C04F79EFBC}") = "LAB9", "LAB9\LAB9.csproj", "{1F13BDBD-ECD7-4DEC-A62E-38979B32A8DF}"
EndProject
Project("{FAE04EC0-301F-11D3-BF4B-00C04F79EFBC}") = "UnitTestProject1", "UnitTestProject1\UnitTestProject1.csproj", "{8DB45F90-6E0D-4E62-9A50-4D1564E7BACE}"
EndProject
Global
	GlobalSection(SolutionConfigurationPlatforms) = preSolution
		Debug|Any CPU = Debug|Any CPU
		Release|Any CPU = Release|Any CPU
	EndGlobalSection
	GlobalSection(ProjectConfigurationPlatforms) = postSolution
		{1F13BDBD-ECD7-4DEC-A62E-38979B32A8DF}.Debug|Any CPU.ActiveCfg = Debug|Any CPU
		{1F13BDBD-ECD7-4DEC-A62E-38979B32A8DF}.Debug|Any CPU.Build.0 = Debug|Any CPU
		{1F13BDBD-ECD7-4DEC-A62E-38979B32A8DF}.Release|Any CPU.ActiveCfg = Release|Any CPU
		{1F13BDBD-ECD7-4DEC-A62E-38979B32A8DF}.Release|Any CPU.Build.0 = Release|Any CPU
		{8DB45F90-6E0D-4E62-9A50-4D1564E7BACE}.Debug|Any CPU.ActiveCfg = Debug|Any CPU
		{8DB45F90-6E0D-4E62-9A50-4D1564E7BACE}.Debug|Any CPU.Build.0 = Debug|Any CPU
		{8DB45F90-6E0D-4E62-9A50-4D1564E7BACE}.Release|Any CPU.ActiveCfg = Release|Any CPU
		{8DB45F90-6E0D-4E62-9A50-4D1564E7BACE}.Release|Any CPU.Build.0 = Release|Any CPU
	EndGlobalSection
	GlobalSection(SolutionProperties) = preSolution
		HideSolutionNode = FALSE
	EndGlobalSection
EndGlobal
