
Microsoft Visual Studio Solution File, Format Version 12.00
# Visual Studio Version 17
VisualStudioVersion = 17.13.35818.85 d17.13
MinimumVisualStudioVersion = 10.0.40219.1
Project("{FAE04EC0-301F-11D3-BF4B-00C04F79EFBC}") = "Lab14", "Lab14\Lab14.csproj", "{47705017-1559-4B8C-B696-467C7600D247}"
EndProject
Project("{FAE04EC0-301F-11D3-BF4B-00C04F79EFBC}") = "AnimalLib", "..\..\..\Libraries\Library\AnimalLib.csproj", "{C7B14792-D856-4104-9DA3-B5FB2F135602}"
EndProject
Global
	GlobalSection(SolutionConfigurationPlatforms) = preSolution
		Debug|Any CPU = Debug|Any CPU
		Release|Any CPU = Release|Any CPU
	EndGlobalSection
	GlobalSection(ProjectConfigurationPlatforms) = postSolution
		{47705017-1559-4B8C-B696-467C7600D247}.Debug|Any CPU.ActiveCfg = Debug|Any CPU
		{47705017-1559-4B8C-B696-467C7600D247}.Debug|Any CPU.Build.0 = Debug|Any CPU
		{47705017-1559-4B8C-B696-467C7600D247}.Release|Any CPU.ActiveCfg = Release|Any CPU
		{47705017-1559-4B8C-B696-467C7600D247}.Release|Any CPU.Build.0 = Release|Any CPU
		{C7B14792-D856-4104-9DA3-B5FB2F135602}.Debug|Any CPU.ActiveCfg = Debug|Any CPU
		{C7B14792-D856-4104-9DA3-B5FB2F135602}.Debug|Any CPU.Build.0 = Debug|Any CPU
		{C7B14792-D856-4104-9DA3-B5FB2F135602}.Release|Any CPU.ActiveCfg = Release|Any CPU
		{C7B14792-D856-4104-9DA3-B5FB2F135602}.Release|Any CPU.Build.0 = Release|Any CPU
	EndGlobalSection
	GlobalSection(SolutionProperties) = preSolution
		HideSolutionNode = FALSE
	EndGlobalSection
	GlobalSection(ExtensibilityGlobals) = postSolution
		SolutionGuid = {6FFA4E24-61E4-4065-8430-3F04EED9B41E}
	EndGlobalSection
EndGlobal
